// !$*UTF8*$!
{
	archiveVersion = 1;
	classes = {
	};
	objectVersion = 46;
	objects = {

/* Begin PBXBuildFile section */
		3B3AE8A01CEB2D39007D0068 /* main.m in Sources */ = {isa = PBXBuildFile; fileRef = 3B3AE89F1CEB2D39007D0068 /* main.m */; };
		3B3AE8A31CEB2D39007D0068 /* AppDelegate.m in Sources */ = {isa = PBXBuildFile; fileRef = 3B3AE8A21CEB2D39007D0068 /* AppDelegate.m */; };
		3B3AE8AB1CEB2D39007D0068 /* Assets.xcassets in Resources */ = {isa = PBXBuildFile; fileRef = 3B3AE8AA1CEB2D39007D0068 /* Assets.xcassets */; };
		3B3AE8AE1CEB2D39007D0068 /* LaunchScreen.storyboard in Resources */ = {isa = PBXBuildFile; fileRef = 3B3AE8AC1CEB2D39007D0068 /* LaunchScreen.storyboard */; };
		3B3AE8B71CEB2E5A007D0068 /* SWMainViewController.m in Sources */ = {isa = PBXBuildFile; fileRef = 3B3AE8B61CEB2E5A007D0068 /* SWMainViewController.m */; };
		3BB08EFB1CFC43550070FF94 /* SWXueZhaoXunMengLong.m in Sources */ = {isa = PBXBuildFile; fileRef = 3BB08EFA1CFC43550070FF94 /* SWXueZhaoXunMengLong.m */; };
		3BB08EFE1CFC44670070FF94 /* 雏龙.png in Resources */ = {isa = PBXBuildFile; fileRef = 3BB08EFC1CFC44670070FF94 /* 雏龙.png */; };
		3BB08EFF1CFC44670070FF94 /* 鱼人.png in Resources */ = {isa = PBXBuildFile; fileRef = 3BB08EFD1CFC44670070FF94 /* 鱼人.png */; };
		3BB08F021CFC44890070FF94 /* SWChuLong.m in Sources */ = {isa = PBXBuildFile; fileRef = 3BB08F011CFC44890070FF94 /* SWChuLong.m */; };
		3BB08F051CFC44930070FF94 /* SWYuRen.m in Sources */ = {isa = PBXBuildFile; fileRef = 3BB08F041CFC44930070FF94 /* SWYuRen.m */; };
		3BB08F071CFC44FF0070FF94 /* 冰风雪人.png in Resources */ = {isa = PBXBuildFile; fileRef = 3BB08F061CFC44FF0070FF94 /* 冰风雪人.png */; };
		3BB08F0A1CFC452E0070FF94 /* SWBingFengXueRen.m in Sources */ = {isa = PBXBuildFile; fileRef = 3BB08F091CFC452E0070FF94 /* SWBingFengXueRen.m */; };
		3BB08F0C1CFC456F0070FF94 /* 石拳食人魔.png in Resources */ = {isa = PBXBuildFile; fileRef = 3BB08F0B1CFC456F0070FF94 /* 石拳食人魔.png */; };
		3BB08F0F1CFC45970070FF94 /* SWShiQuanShiRenMo.m in Sources */ = {isa = PBXBuildFile; fileRef = 3BB08F0E1CFC45970070FF94 /* SWShiQuanShiRenMo.m */; };
		3BB08F111CFC46360070FF94 /* 蜘蛛坦克.png in Resources */ = {isa = PBXBuildFile; fileRef = 3BB08F101CFC46360070FF94 /* 蜘蛛坦克.png */; };
		3BB08F141CFC464D0070FF94 /* SWZhiZhuTanKe.m in Sources */ = {isa = PBXBuildFile; fileRef = 3BB08F131CFC464D0070FF94 /* SWZhiZhuTanKe.m */; };
		3BB08F5D1CFD2B8C0070FF94 /* SWDeckSelectViewController.m in Sources */ = {isa = PBXBuildFile; fileRef = 3BB08F5C1CFD2B8C0070FF94 /* SWDeckSelectViewController.m */; };
		3BB08F601CFD3BEE0070FF94 /* SWHandCardCell.m in Sources */ = {isa = PBXBuildFile; fileRef = 3BB08F5F1CFD3BEE0070FF94 /* SWHandCardCell.m */; };
		3BB08FBE1CFEB2520070FF94 /* SWManaView.m in Sources */ = {isa = PBXBuildFile; fileRef = 3BB08FBD1CFEB2520070FF94 /* SWManaView.m */; };
		3BB08FC11CFEC1830070FF94 /* SWTurnManager.m in Sources */ = {isa = PBXBuildFile; fileRef = 3BB08FC01CFEC1830070FF94 /* SWTurnManager.m */; };
		3BB08FCA1CFEE8610070FF94 /* SWDrawLineView.m in Sources */ = {isa = PBXBuildFile; fileRef = 3BB08FC91CFEE8610070FF94 /* SWDrawLineView.m */; };
		3BD7AFE71CF4434900D1080C /* SWHero.m in Sources */ = {isa = PBXBuildFile; fileRef = 3BD7AFE61CF4434900D1080C /* SWHero.m */; };
		3BD7AFEA1CF4435F00D1080C /* SWMage.m in Sources */ = {isa = PBXBuildFile; fileRef = 3BD7AFE91CF4435F00D1080C /* SWMage.m */; };
		3BD7B0091CF6A36200D1080C /* SWWarrior.m in Sources */ = {isa = PBXBuildFile; fileRef = 3BD7B0081CF6A36200D1080C /* SWWarrior.m */; };
		3BD7B00F1CF6EF4200D1080C /* SWCollectionViewController.m in Sources */ = {isa = PBXBuildFile; fileRef = 3BD7B00C1CF6EF4200D1080C /* SWCollectionViewController.m */; };
		3BD7B0101CF6EF4200D1080C /* SWSelectHeroView.m in Sources */ = {isa = PBXBuildFile; fileRef = 3BD7B00E1CF6EF4200D1080C /* SWSelectHeroView.m */; };
		3BD7B0151CF6EF7100D1080C /* SWDeck.m in Sources */ = {isa = PBXBuildFile; fileRef = 3BD7B0141CF6EF7100D1080C /* SWDeck.m */; };
		3BD7B0181CF7025800D1080C /* SWCard.m in Sources */ = {isa = PBXBuildFile; fileRef = 3BD7B0171CF7025800D1080C /* SWCard.m */; };
		3BD7B02B1CF703B900D1080C /* SWEquip.m in Sources */ = {isa = PBXBuildFile; fileRef = 3BD7B0241CF703B900D1080C /* SWEquip.m */; };
		3BD7B02C1CF703B900D1080C /* SWMinion.m in Sources */ = {isa = PBXBuildFile; fileRef = 3BD7B0271CF703B900D1080C /* SWMinion.m */; };
		3BD7B02D1CF703B900D1080C /* SWSpell.m in Sources */ = {isa = PBXBuildFile; fileRef = 3BD7B02A1CF703B900D1080C /* SWSpell.m */; };
		3BD7B0331CF7046F00D1080C /* 松鼠.png in Resources */ = {isa = PBXBuildFile; fileRef = 3BD7B0301CF7046F00D1080C /* 松鼠.png */; };
		3BD7B0341CF7046F00D1080C /* 血沼迅猛龙.png in Resources */ = {isa = PBXBuildFile; fileRef = 3BD7B0311CF7046F00D1080C /* 血沼迅猛龙.png */; };
		3BD7B0351CF7046F00D1080C /* 野猪.png in Resources */ = {isa = PBXBuildFile; fileRef = 3BD7B0321CF7046F00D1080C /* 野猪.png */; };
		3BD7B03E1CF7095100D1080C /* SWYeZhu.m in Sources */ = {isa = PBXBuildFile; fileRef = 3BD7B03D1CF7095100D1080C /* SWYeZhu.m */; };
		3BD7B0411CF7095700D1080C /* SWSongShu.m in Sources */ = {isa = PBXBuildFile; fileRef = 3BD7B0401CF7095700D1080C /* SWSongShu.m */; };
		3BD7B0441CF70A4300D1080C /* MinionList.plist in Resources */ = {isa = PBXBuildFile; fileRef = 3BD7B0431CF70A4300D1080C /* MinionList.plist */; };
		3BD7B0731CF7E85D00D1080C /* SWDeckCard.m in Sources */ = {isa = PBXBuildFile; fileRef = 3BD7B0721CF7E85D00D1080C /* SWDeckCard.m */; };
		3BD7B0771CF7F31E00D1080C /* SWBattleViewController.m in Sources */ = {isa = PBXBuildFile; fileRef = 3BD7B0761CF7F31E00D1080C /* SWBattleViewController.m */; };
		3BD7B07B1CF7F42E00D1080C /* SWPlayer.m in Sources */ = {isa = PBXBuildFile; fileRef = 3BD7B07A1CF7F42E00D1080C /* SWPlayer.m */; };
		3BD7B07E1CF7F4E800D1080C /* SWEasyAI.m in Sources */ = {isa = PBXBuildFile; fileRef = 3BD7B07D1CF7F4E800D1080C /* SWEasyAI.m */; };
		3BD7B0861CF7F68200D1080C /* SWCurrentPlayer.m in Sources */ = {isa = PBXBuildFile; fileRef = 3BD7B0851CF7F68200D1080C /* SWCurrentPlayer.m */; };
		3BD7B0881CF7F8E400D1080C /* qq.png in Resources */ = {isa = PBXBuildFile; fileRef = 3BD7B0871CF7F8E400D1080C /* qq.png */; };
		815C298EC215D74F0204DBF7 /* libPods.a in Frameworks */ = {isa = PBXBuildFile; fileRef = 1403300E98A7B7459DD35D97 /* libPods.a */; };
/* End PBXBuildFile section */

/* Begin PBXFileReference section */
		1403300E98A7B7459DD35D97 /* libPods.a */ = {isa = PBXFileReference; explicitFileType = archive.ar; includeInIndex = 0; path = libPods.a; sourceTree = BUILT_PRODUCTS_DIR; };
		3B3AE89B1CEB2D39007D0068 /* SWCards.app */ = {isa = PBXFileReference; explicitFileType = wrapper.application; includeInIndex = 0; path = SWCards.app; sourceTree = BUILT_PRODUCTS_DIR; };
		3B3AE89F1CEB2D39007D0068 /* main.m */ = {isa = PBXFileReference; lastKnownFileType = sourcecode.c.objc; path = main.m; sourceTree = "<group>"; };
		3B3AE8A11CEB2D39007D0068 /* AppDelegate.h */ = {isa = PBXFileReference; lastKnownFileType = sourcecode.c.h; path = AppDelegate.h; sourceTree = "<group>"; };
		3B3AE8A21CEB2D39007D0068 /* AppDelegate.m */ = {isa = PBXFileReference; lastKnownFileType = sourcecode.c.objc; path = AppDelegate.m; sourceTree = "<group>"; };
		3B3AE8AA1CEB2D39007D0068 /* Assets.xcassets */ = {isa = PBXFileReference; lastKnownFileType = folder.assetcatalog; path = Assets.xcassets; sourceTree = "<group>"; };
		3B3AE8AD1CEB2D39007D0068 /* Base */ = {isa = PBXFileReference; lastKnownFileType = file.storyboard; name = Base; path = Base.lproj/LaunchScreen.storyboard; sourceTree = "<group>"; };
		3B3AE8AF1CEB2D39007D0068 /* Info.plist */ = {isa = PBXFileReference; lastKnownFileType = text.plist.xml; path = Info.plist; sourceTree = "<group>"; };
		3B3AE8B51CEB2E5A007D0068 /* SWMainViewController.h */ = {isa = PBXFileReference; fileEncoding = 4; lastKnownFileType = sourcecode.c.h; path = SWMainViewController.h; sourceTree = "<group>"; };
		3B3AE8B61CEB2E5A007D0068 /* SWMainViewController.m */ = {isa = PBXFileReference; fileEncoding = 4; lastKnownFileType = sourcecode.c.objc; path = SWMainViewController.m; sourceTree = "<group>"; };
		3BB08EF91CFC43550070FF94 /* SWXueZhaoXunMengLong.h */ = {isa = PBXFileReference; fileEncoding = 4; lastKnownFileType = sourcecode.c.h; path = SWXueZhaoXunMengLong.h; sourceTree = "<group>"; };
		3BB08EFA1CFC43550070FF94 /* SWXueZhaoXunMengLong.m */ = {isa = PBXFileReference; fileEncoding = 4; lastKnownFileType = sourcecode.c.objc; path = SWXueZhaoXunMengLong.m; sourceTree = "<group>"; };
		3BB08EFC1CFC44670070FF94 /* 雏龙.png */ = {isa = PBXFileReference; lastKnownFileType = image.png; path = "雏龙.png"; sourceTree = "<group>"; };
		3BB08EFD1CFC44670070FF94 /* 鱼人.png */ = {isa = PBXFileReference; lastKnownFileType = image.png; path = "鱼人.png"; sourceTree = "<group>"; };
		3BB08F001CFC44890070FF94 /* SWChuLong.h */ = {isa = PBXFileReference; fileEncoding = 4; lastKnownFileType = sourcecode.c.h; path = SWChuLong.h; sourceTree = "<group>"; };
		3BB08F011CFC44890070FF94 /* SWChuLong.m */ = {isa = PBXFileReference; fileEncoding = 4; lastKnownFileType = sourcecode.c.objc; path = SWChuLong.m; sourceTree = "<group>"; };
		3BB08F031CFC44930070FF94 /* SWYuRen.h */ = {isa = PBXFileReference; fileEncoding = 4; lastKnownFileType = sourcecode.c.h; path = SWYuRen.h; sourceTree = "<group>"; };
		3BB08F041CFC44930070FF94 /* SWYuRen.m */ = {isa = PBXFileReference; fileEncoding = 4; lastKnownFileType = sourcecode.c.objc; path = SWYuRen.m; sourceTree = "<group>"; };
		3BB08F061CFC44FF0070FF94 /* 冰风雪人.png */ = {isa = PBXFileReference; lastKnownFileType = image.png; path = "冰风雪人.png"; sourceTree = "<group>"; };
		3BB08F081CFC452E0070FF94 /* SWBingFengXueRen.h */ = {isa = PBXFileReference; fileEncoding = 4; lastKnownFileType = sourcecode.c.h; path = SWBingFengXueRen.h; sourceTree = "<group>"; };
		3BB08F091CFC452E0070FF94 /* SWBingFengXueRen.m */ = {isa = PBXFileReference; fileEncoding = 4; lastKnownFileType = sourcecode.c.objc; path = SWBingFengXueRen.m; sourceTree = "<group>"; };
		3BB08F0B1CFC456F0070FF94 /* 石拳食人魔.png */ = {isa = PBXFileReference; lastKnownFileType = image.png; path = "石拳食人魔.png"; sourceTree = "<group>"; };
		3BB08F0D1CFC45970070FF94 /* SWShiQuanShiRenMo.h */ = {isa = PBXFileReference; fileEncoding = 4; lastKnownFileType = sourcecode.c.h; path = SWShiQuanShiRenMo.h; sourceTree = "<group>"; };
		3BB08F0E1CFC45970070FF94 /* SWShiQuanShiRenMo.m */ = {isa = PBXFileReference; fileEncoding = 4; lastKnownFileType = sourcecode.c.objc; path = SWShiQuanShiRenMo.m; sourceTree = "<group>"; };
		3BB08F101CFC46360070FF94 /* 蜘蛛坦克.png */ = {isa = PBXFileReference; lastKnownFileType = image.png; path = "蜘蛛坦克.png"; sourceTree = "<group>"; };
		3BB08F121CFC464D0070FF94 /* SWZhiZhuTanKe.h */ = {isa = PBXFileReference; fileEncoding = 4; lastKnownFileType = sourcecode.c.h; path = SWZhiZhuTanKe.h; sourceTree = "<group>"; };
		3BB08F131CFC464D0070FF94 /* SWZhiZhuTanKe.m */ = {isa = PBXFileReference; fileEncoding = 4; lastKnownFileType = sourcecode.c.objc; path = SWZhiZhuTanKe.m; sourceTree = "<group>"; };
		3BB08F5B1CFD2B8C0070FF94 /* SWDeckSelectViewController.h */ = {isa = PBXFileReference; fileEncoding = 4; lastKnownFileType = sourcecode.c.h; path = SWDeckSelectViewController.h; sourceTree = "<group>"; };
		3BB08F5C1CFD2B8C0070FF94 /* SWDeckSelectViewController.m */ = {isa = PBXFileReference; fileEncoding = 4; lastKnownFileType = sourcecode.c.objc; path = SWDeckSelectViewController.m; sourceTree = "<group>"; };
		3BB08F5E1CFD3BEE0070FF94 /* SWHandCardCell.h */ = {isa = PBXFileReference; fileEncoding = 4; lastKnownFileType = sourcecode.c.h; path = SWHandCardCell.h; sourceTree = "<group>"; };
		3BB08F5F1CFD3BEE0070FF94 /* SWHandCardCell.m */ = {isa = PBXFileReference; fileEncoding = 4; lastKnownFileType = sourcecode.c.objc; path = SWHandCardCell.m; sourceTree = "<group>"; };
		3BB08FBC1CFEB2520070FF94 /* SWManaView.h */ = {isa = PBXFileReference; fileEncoding = 4; lastKnownFileType = sourcecode.c.h; path = SWManaView.h; sourceTree = "<group>"; };
		3BB08FBD1CFEB2520070FF94 /* SWManaView.m */ = {isa = PBXFileReference; fileEncoding = 4; lastKnownFileType = sourcecode.c.objc; path = SWManaView.m; sourceTree = "<group>"; };
		3BB08FBF1CFEC1830070FF94 /* SWTurnManager.h */ = {isa = PBXFileReference; fileEncoding = 4; lastKnownFileType = sourcecode.c.h; path = SWTurnManager.h; sourceTree = "<group>"; };
		3BB08FC01CFEC1830070FF94 /* SWTurnManager.m */ = {isa = PBXFileReference; fileEncoding = 4; lastKnownFileType = sourcecode.c.objc; path = SWTurnManager.m; sourceTree = "<group>"; };
		3BB08FC81CFEE8610070FF94 /* SWDrawLineView.h */ = {isa = PBXFileReference; fileEncoding = 4; lastKnownFileType = sourcecode.c.h; path = SWDrawLineView.h; sourceTree = "<group>"; };
		3BB08FC91CFEE8610070FF94 /* SWDrawLineView.m */ = {isa = PBXFileReference; fileEncoding = 4; lastKnownFileType = sourcecode.c.objc; path = SWDrawLineView.m; sourceTree = "<group>"; };
		3BD7AFE51CF4434900D1080C /* SWHero.h */ = {isa = PBXFileReference; fileEncoding = 4; lastKnownFileType = sourcecode.c.h; path = SWHero.h; sourceTree = "<group>"; };
		3BD7AFE61CF4434900D1080C /* SWHero.m */ = {isa = PBXFileReference; fileEncoding = 4; lastKnownFileType = sourcecode.c.objc; path = SWHero.m; sourceTree = "<group>"; };
		3BD7AFE81CF4435F00D1080C /* SWMage.h */ = {isa = PBXFileReference; fileEncoding = 4; lastKnownFileType = sourcecode.c.h; path = SWMage.h; sourceTree = "<group>"; };
		3BD7AFE91CF4435F00D1080C /* SWMage.m */ = {isa = PBXFileReference; fileEncoding = 4; lastKnownFileType = sourcecode.c.objc; path = SWMage.m; sourceTree = "<group>"; };
		3BD7B0071CF6A36200D1080C /* SWWarrior.h */ = {isa = PBXFileReference; fileEncoding = 4; lastKnownFileType = sourcecode.c.h; path = SWWarrior.h; sourceTree = "<group>"; };
		3BD7B0081CF6A36200D1080C /* SWWarrior.m */ = {isa = PBXFileReference; fileEncoding = 4; lastKnownFileType = sourcecode.c.objc; path = SWWarrior.m; sourceTree = "<group>"; };
		3BD7B00B1CF6EF4200D1080C /* SWCollectionViewController.h */ = {isa = PBXFileReference; fileEncoding = 4; lastKnownFileType = sourcecode.c.h; path = SWCollectionViewController.h; sourceTree = "<group>"; };
		3BD7B00C1CF6EF4200D1080C /* SWCollectionViewController.m */ = {isa = PBXFileReference; fileEncoding = 4; lastKnownFileType = sourcecode.c.objc; path = SWCollectionViewController.m; sourceTree = "<group>"; };
		3BD7B00D1CF6EF4200D1080C /* SWSelectHeroView.h */ = {isa = PBXFileReference; fileEncoding = 4; lastKnownFileType = sourcecode.c.h; path = SWSelectHeroView.h; sourceTree = "<group>"; };
		3BD7B00E1CF6EF4200D1080C /* SWSelectHeroView.m */ = {isa = PBXFileReference; fileEncoding = 4; lastKnownFileType = sourcecode.c.objc; path = SWSelectHeroView.m; sourceTree = "<group>"; };
		3BD7B0131CF6EF7100D1080C /* SWDeck.h */ = {isa = PBXFileReference; fileEncoding = 4; lastKnownFileType = sourcecode.c.h; path = SWDeck.h; sourceTree = "<group>"; };
		3BD7B0141CF6EF7100D1080C /* SWDeck.m */ = {isa = PBXFileReference; fileEncoding = 4; lastKnownFileType = sourcecode.c.objc; path = SWDeck.m; sourceTree = "<group>"; };
		3BD7B0161CF7025800D1080C /* SWCard.h */ = {isa = PBXFileReference; fileEncoding = 4; lastKnownFileType = sourcecode.c.h; path = SWCard.h; sourceTree = "<group>"; };
		3BD7B0171CF7025800D1080C /* SWCard.m */ = {isa = PBXFileReference; fileEncoding = 4; lastKnownFileType = sourcecode.c.objc; path = SWCard.m; sourceTree = "<group>"; };
		3BD7B0231CF703B900D1080C /* SWEquip.h */ = {isa = PBXFileReference; fileEncoding = 4; lastKnownFileType = sourcecode.c.h; path = SWEquip.h; sourceTree = "<group>"; };
		3BD7B0241CF703B900D1080C /* SWEquip.m */ = {isa = PBXFileReference; fileEncoding = 4; lastKnownFileType = sourcecode.c.objc; path = SWEquip.m; sourceTree = "<group>"; };
		3BD7B0261CF703B900D1080C /* SWMinion.h */ = {isa = PBXFileReference; fileEncoding = 4; lastKnownFileType = sourcecode.c.h; path = SWMinion.h; sourceTree = "<group>"; };
		3BD7B0271CF703B900D1080C /* SWMinion.m */ = {isa = PBXFileReference; fileEncoding = 4; lastKnownFileType = sourcecode.c.objc; path = SWMinion.m; sourceTree = "<group>"; };
		3BD7B0291CF703B900D1080C /* SWSpell.h */ = {isa = PBXFileReference; fileEncoding = 4; lastKnownFileType = sourcecode.c.h; path = SWSpell.h; sourceTree = "<group>"; };
		3BD7B02A1CF703B900D1080C /* SWSpell.m */ = {isa = PBXFileReference; fileEncoding = 4; lastKnownFileType = sourcecode.c.objc; path = SWSpell.m; sourceTree = "<group>"; };
		3BD7B0301CF7046F00D1080C /* 松鼠.png */ = {isa = PBXFileReference; lastKnownFileType = image.png; path = "松鼠.png"; sourceTree = "<group>"; };
		3BD7B0311CF7046F00D1080C /* 血沼迅猛龙.png */ = {isa = PBXFileReference; lastKnownFileType = image.png; path = "血沼迅猛龙.png"; sourceTree = "<group>"; };
		3BD7B0321CF7046F00D1080C /* 野猪.png */ = {isa = PBXFileReference; lastKnownFileType = image.png; path = "野猪.png"; sourceTree = "<group>"; };
		3BD7B03C1CF7095100D1080C /* SWYeZhu.h */ = {isa = PBXFileReference; fileEncoding = 4; lastKnownFileType = sourcecode.c.h; path = SWYeZhu.h; sourceTree = "<group>"; };
		3BD7B03D1CF7095100D1080C /* SWYeZhu.m */ = {isa = PBXFileReference; fileEncoding = 4; lastKnownFileType = sourcecode.c.objc; path = SWYeZhu.m; sourceTree = "<group>"; };
		3BD7B03F1CF7095700D1080C /* SWSongShu.h */ = {isa = PBXFileReference; fileEncoding = 4; lastKnownFileType = sourcecode.c.h; path = SWSongShu.h; sourceTree = "<group>"; };
		3BD7B0401CF7095700D1080C /* SWSongShu.m */ = {isa = PBXFileReference; fileEncoding = 4; lastKnownFileType = sourcecode.c.objc; path = SWSongShu.m; sourceTree = "<group>"; };
		3BD7B0431CF70A4300D1080C /* MinionList.plist */ = {isa = PBXFileReference; fileEncoding = 4; lastKnownFileType = text.plist.xml; path = MinionList.plist; sourceTree = "<group>"; };
		3BD7B0711CF7E85D00D1080C /* SWDeckCard.h */ = {isa = PBXFileReference; fileEncoding = 4; lastKnownFileType = sourcecode.c.h; path = SWDeckCard.h; sourceTree = "<group>"; };
		3BD7B0721CF7E85D00D1080C /* SWDeckCard.m */ = {isa = PBXFileReference; fileEncoding = 4; lastKnownFileType = sourcecode.c.objc; path = SWDeckCard.m; sourceTree = "<group>"; };
		3BD7B0751CF7F31E00D1080C /* SWBattleViewController.h */ = {isa = PBXFileReference; fileEncoding = 4; lastKnownFileType = sourcecode.c.h; path = SWBattleViewController.h; sourceTree = "<group>"; };
		3BD7B0761CF7F31E00D1080C /* SWBattleViewController.m */ = {isa = PBXFileReference; fileEncoding = 4; lastKnownFileType = sourcecode.c.objc; path = SWBattleViewController.m; sourceTree = "<group>"; };
		3BD7B0791CF7F42E00D1080C /* SWPlayer.h */ = {isa = PBXFileReference; fileEncoding = 4; lastKnownFileType = sourcecode.c.h; path = SWPlayer.h; sourceTree = "<group>"; };
		3BD7B07A1CF7F42E00D1080C /* SWPlayer.m */ = {isa = PBXFileReference; fileEncoding = 4; lastKnownFileType = sourcecode.c.objc; path = SWPlayer.m; sourceTree = "<group>"; };
		3BD7B07C1CF7F4E800D1080C /* SWEasyAI.h */ = {isa = PBXFileReference; fileEncoding = 4; lastKnownFileType = sourcecode.c.h; path = SWEasyAI.h; sourceTree = "<group>"; };
		3BD7B07D1CF7F4E800D1080C /* SWEasyAI.m */ = {isa = PBXFileReference; fileEncoding = 4; lastKnownFileType = sourcecode.c.objc; path = SWEasyAI.m; sourceTree = "<group>"; };
		3BD7B0841CF7F68200D1080C /* SWCurrentPlayer.h */ = {isa = PBXFileReference; fileEncoding = 4; lastKnownFileType = sourcecode.c.h; path = SWCurrentPlayer.h; sourceTree = "<group>"; };
		3BD7B0851CF7F68200D1080C /* SWCurrentPlayer.m */ = {isa = PBXFileReference; fileEncoding = 4; lastKnownFileType = sourcecode.c.objc; path = SWCurrentPlayer.m; sourceTree = "<group>"; };
		3BD7B0871CF7F8E400D1080C /* qq.png */ = {isa = PBXFileReference; lastKnownFileType = image.png; path = qq.png; sourceTree = "<group>"; };
		BB1955DC91C04802C7B1FA57 /* Pods.release.xcconfig */ = {isa = PBXFileReference; includeInIndex = 1; lastKnownFileType = text.xcconfig; name = Pods.release.xcconfig; path = "Pods/Target Support Files/Pods/Pods.release.xcconfig"; sourceTree = "<group>"; };
		FBD445B1E31399629722E25B /* Pods.debug.xcconfig */ = {isa = PBXFileReference; includeInIndex = 1; lastKnownFileType = text.xcconfig; name = Pods.debug.xcconfig; path = "Pods/Target Support Files/Pods/Pods.debug.xcconfig"; sourceTree = "<group>"; };
/* End PBXFileReference section */

/* Begin PBXFrameworksBuildPhase section */
		3B3AE8981CEB2D39007D0068 /* Frameworks */ = {
			isa = PBXFrameworksBuildPhase;
			buildActionMask = 2147483647;
			files = (
				815C298EC215D74F0204DBF7 /* libPods.a in Frameworks */,
			);
			runOnlyForDeploymentPostprocessing = 0;
		};
/* End PBXFrameworksBuildPhase section */

/* Begin PBXGroup section */
		3B3AE8921CEB2D39007D0068 = {
			isa = PBXGroup;
			children = (
				3B3AE89D1CEB2D39007D0068 /* SWCards */,
				3B3AE89C1CEB2D39007D0068 /* Products */,
				F1650DB7F4D551208C9E5BA3 /* Pods */,
				B2793F8D9304764E954E7463 /* Frameworks */,
			);
			sourceTree = "<group>";
		};
		3B3AE89C1CEB2D39007D0068 /* Products */ = {
			isa = PBXGroup;
			children = (
				3B3AE89B1CEB2D39007D0068 /* SWCards.app */,
			);
			name = Products;
			sourceTree = "<group>";
		};
		3B3AE89D1CEB2D39007D0068 /* SWCards */ = {
			isa = PBXGroup;
			children = (
				3B3AE8A11CEB2D39007D0068 /* AppDelegate.h */,
				3B3AE8A21CEB2D39007D0068 /* AppDelegate.m */,
				3B3AE8B51CEB2E5A007D0068 /* SWMainViewController.h */,
				3B3AE8B61CEB2E5A007D0068 /* SWMainViewController.m */,
				3BD7B0111CF6EF7100D1080C /* Card */,
				3BD7B0121CF6EF7100D1080C /* Deck */,
				3BD7AFE41CF4434900D1080C /* Hero */,
				3BD7B0781CF7F41C00D1080C /* Player */,
				3BD7B00A1CF6EF4200D1080C /* Collection */,
				3BD7B0741CF7F31100D1080C /* Battle */,
				3BD7B02E1CF7046F00D1080C /* Resource */,
				3B3AE89E1CEB2D39007D0068 /* Supporting Files */,
			);
			path = SWCards;
			sourceTree = "<group>";
		};
		3B3AE89E1CEB2D39007D0068 /* Supporting Files */ = {
			isa = PBXGroup;
			children = (
				3B3AE8AA1CEB2D39007D0068 /* Assets.xcassets */,
				3B3AE8AC1CEB2D39007D0068 /* LaunchScreen.storyboard */,
				3B3AE8AF1CEB2D39007D0068 /* Info.plist */,
				3B3AE89F1CEB2D39007D0068 /* main.m */,
			);
			name = "Supporting Files";
			sourceTree = "<group>";
		};
		3BD7AFE41CF4434900D1080C /* Hero */ = {
			isa = PBXGroup;
			children = (
				3BD7AFE51CF4434900D1080C /* SWHero.h */,
				3BD7AFE61CF4434900D1080C /* SWHero.m */,
				3BD7AFE81CF4435F00D1080C /* SWMage.h */,
				3BD7AFE91CF4435F00D1080C /* SWMage.m */,
				3BD7B0071CF6A36200D1080C /* SWWarrior.h */,
				3BD7B0081CF6A36200D1080C /* SWWarrior.m */,
			);
			path = Hero;
			sourceTree = "<group>";
		};
		3BD7B00A1CF6EF4200D1080C /* Collection */ = {
			isa = PBXGroup;
			children = (
				3BD7B00B1CF6EF4200D1080C /* SWCollectionViewController.h */,
				3BD7B00C1CF6EF4200D1080C /* SWCollectionViewController.m */,
				3BD7B00D1CF6EF4200D1080C /* SWSelectHeroView.h */,
				3BD7B00E1CF6EF4200D1080C /* SWSelectHeroView.m */,
			);
			path = Collection;
			sourceTree = "<group>";
		};
		3BD7B0111CF6EF7100D1080C /* Card */ = {
			isa = PBXGroup;
			children = (
				3BD7B0161CF7025800D1080C /* SWCard.h */,
				3BD7B0171CF7025800D1080C /* SWCard.m */,
				3BD7B0221CF703B900D1080C /* Equip */,
				3BD7B0251CF703B900D1080C /* Minion */,
				3BD7B0281CF703B900D1080C /* Spell */,
			);
			path = Card;
			sourceTree = "<group>";
		};
		3BD7B0121CF6EF7100D1080C /* Deck */ = {
			isa = PBXGroup;
			children = (
				3BD7B0131CF6EF7100D1080C /* SWDeck.h */,
				3BD7B0141CF6EF7100D1080C /* SWDeck.m */,
				3BD7B0711CF7E85D00D1080C /* SWDeckCard.h */,
				3BD7B0721CF7E85D00D1080C /* SWDeckCard.m */,
			);
			path = Deck;
			sourceTree = "<group>";
		};
		3BD7B0221CF703B900D1080C /* Equip */ = {
			isa = PBXGroup;
			children = (
				3BD7B0231CF703B900D1080C /* SWEquip.h */,
				3BD7B0241CF703B900D1080C /* SWEquip.m */,
			);
			path = Equip;
			sourceTree = "<group>";
		};
		3BD7B0251CF703B900D1080C /* Minion */ = {
			isa = PBXGroup;
			children = (
				3BD7B0261CF703B900D1080C /* SWMinion.h */,
				3BD7B0271CF703B900D1080C /* SWMinion.m */,
				3BB08F001CFC44890070FF94 /* SWChuLong.h */,
				3BB08F011CFC44890070FF94 /* SWChuLong.m */,
				3BB08F031CFC44930070FF94 /* SWYuRen.h */,
				3BB08F041CFC44930070FF94 /* SWYuRen.m */,
				3BD7B03C1CF7095100D1080C /* SWYeZhu.h */,
				3BD7B03D1CF7095100D1080C /* SWYeZhu.m */,
				3BD7B03F1CF7095700D1080C /* SWSongShu.h */,
				3BD7B0401CF7095700D1080C /* SWSongShu.m */,
				3BB08EF91CFC43550070FF94 /* SWXueZhaoXunMengLong.h */,
				3BB08EFA1CFC43550070FF94 /* SWXueZhaoXunMengLong.m */,
				3BB08F121CFC464D0070FF94 /* SWZhiZhuTanKe.h */,
				3BB08F131CFC464D0070FF94 /* SWZhiZhuTanKe.m */,
				3BB08F081CFC452E0070FF94 /* SWBingFengXueRen.h */,
				3BB08F091CFC452E0070FF94 /* SWBingFengXueRen.m */,
				3BB08F0D1CFC45970070FF94 /* SWShiQuanShiRenMo.h */,
				3BB08F0E1CFC45970070FF94 /* SWShiQuanShiRenMo.m */,
			);
			path = Minion;
			sourceTree = "<group>";
		};
		3BD7B0281CF703B900D1080C /* Spell */ = {
			isa = PBXGroup;
			children = (
				3BD7B0291CF703B900D1080C /* SWSpell.h */,
				3BD7B02A1CF703B900D1080C /* SWSpell.m */,
			);
			path = Spell;
			sourceTree = "<group>";
		};
		3BD7B02E1CF7046F00D1080C /* Resource */ = {
			isa = PBXGroup;
			children = (
				3BD7B0421CF70A4300D1080C /* Plist */,
				3BD7B02F1CF7046F00D1080C /* Images */,
			);
			path = Resource;
			sourceTree = "<group>";
		};
		3BD7B02F1CF7046F00D1080C /* Images */ = {
			isa = PBXGroup;
			children = (
				3BD7B0871CF7F8E400D1080C /* qq.png */,
				3BB08EFC1CFC44670070FF94 /* 雏龙.png */,
				3BB08EFD1CFC44670070FF94 /* 鱼人.png */,
				3BD7B0301CF7046F00D1080C /* 松鼠.png */,
				3BD7B0321CF7046F00D1080C /* 野猪.png */,
				3BD7B0311CF7046F00D1080C /* 血沼迅猛龙.png */,
				3BB08F101CFC46360070FF94 /* 蜘蛛坦克.png */,
				3BB08F061CFC44FF0070FF94 /* 冰风雪人.png */,
				3BB08F0B1CFC456F0070FF94 /* 石拳食人魔.png */,
			);
			path = Images;
			sourceTree = "<group>";
		};
		3BD7B0421CF70A4300D1080C /* Plist */ = {
			isa = PBXGroup;
			children = (
				3BD7B0431CF70A4300D1080C /* MinionList.plist */,
			);
			path = Plist;
			sourceTree = "<group>";
		};
		3BD7B0741CF7F31100D1080C /* Battle */ = {
			isa = PBXGroup;
			children = (
				3BB08FC81CFEE8610070FF94 /* SWDrawLineView.h */,
				3BB08FC91CFEE8610070FF94 /* SWDrawLineView.m */,
				3BB08FBF1CFEC1830070FF94 /* SWTurnManager.h */,
				3BB08FC01CFEC1830070FF94 /* SWTurnManager.m */,
				3BB08FBC1CFEB2520070FF94 /* SWManaView.h */,
				3BB08FBD1CFEB2520070FF94 /* SWManaView.m */,
				3BD7B0751CF7F31E00D1080C /* SWBattleViewController.h */,
				3BD7B0761CF7F31E00D1080C /* SWBattleViewController.m */,
				3BB08F5B1CFD2B8C0070FF94 /* SWDeckSelectViewController.h */,
				3BB08F5C1CFD2B8C0070FF94 /* SWDeckSelectViewController.m */,
				3BB08F5E1CFD3BEE0070FF94 /* SWHandCardCell.h */,
				3BB08F5F1CFD3BEE0070FF94 /* SWHandCardCell.m */,
			);
			path = Battle;
			sourceTree = "<group>";
		};
		3BD7B0781CF7F41C00D1080C /* Player */ = {
			isa = PBXGroup;
			children = (
				3BD7B0791CF7F42E00D1080C /* SWPlayer.h */,
				3BD7B07A1CF7F42E00D1080C /* SWPlayer.m */,
				3BD7B07C1CF7F4E800D1080C /* SWEasyAI.h */,
				3BD7B07D1CF7F4E800D1080C /* SWEasyAI.m */,
				3BD7B0841CF7F68200D1080C /* SWCurrentPlayer.h */,
				3BD7B0851CF7F68200D1080C /* SWCurrentPlayer.m */,
			);
			path = Player;
			sourceTree = "<group>";
		};
		B2793F8D9304764E954E7463 /* Frameworks */ = {
			isa = PBXGroup;
			children = (
				1403300E98A7B7459DD35D97 /* libPods.a */,
			);
			name = Frameworks;
			sourceTree = "<group>";
		};
		F1650DB7F4D551208C9E5BA3 /* Pods */ = {
			isa = PBXGroup;
			children = (
				FBD445B1E31399629722E25B /* Pods.debug.xcconfig */,
				BB1955DC91C04802C7B1FA57 /* Pods.release.xcconfig */,
			);
			name = Pods;
			sourceTree = "<group>";
		};
/* End PBXGroup section */

/* Begin PBXNativeTarget section */
		3B3AE89A1CEB2D39007D0068 /* SWCards */ = {
			isa = PBXNativeTarget;
			buildConfigurationList = 3B3AE8B21CEB2D39007D0068 /* Build configuration list for PBXNativeTarget "SWCards" */;
			buildPhases = (
				D40CEC7E115AD122E824FEBE /* Check Pods Manifest.lock */,
				3B3AE8971CEB2D39007D0068 /* Sources */,
				3B3AE8981CEB2D39007D0068 /* Frameworks */,
				3B3AE8991CEB2D39007D0068 /* Resources */,
				E84AAD09C1269E91E226BC8C /* Embed Pods Frameworks */,
				6A07F8293065B7F478357EE5 /* Copy Pods Resources */,
			);
			buildRules = (
			);
			dependencies = (
			);
			name = SWCards;
			productName = SWCards;
			productReference = 3B3AE89B1CEB2D39007D0068 /* SWCards.app */;
			productType = "com.apple.product-type.application";
		};
/* End PBXNativeTarget section */

/* Begin PBXProject section */
		3B3AE8931CEB2D39007D0068 /* Project object */ = {
			isa = PBXProject;
			attributes = {
				CLASSPREFIX = SW;
				LastUpgradeCheck = 0730;
				ORGANIZATIONNAME = SaberGame;
				TargetAttributes = {
					3B3AE89A1CEB2D39007D0068 = {
						CreatedOnToolsVersion = 7.3.1;
					};
				};
			};
			buildConfigurationList = 3B3AE8961CEB2D39007D0068 /* Build configuration list for PBXProject "SWCards" */;
			compatibilityVersion = "Xcode 3.2";
			developmentRegion = English;
			hasScannedForEncodings = 0;
			knownRegions = (
				en,
				Base,
			);
			mainGroup = 3B3AE8921CEB2D39007D0068;
			productRefGroup = 3B3AE89C1CEB2D39007D0068 /* Products */;
			projectDirPath = "";
			projectRoot = "";
			targets = (
				3B3AE89A1CEB2D39007D0068 /* SWCards */,
			);
		};
/* End PBXProject section */

/* Begin PBXResourcesBuildPhase section */
		3B3AE8991CEB2D39007D0068 /* Resources */ = {
			isa = PBXResourcesBuildPhase;
			buildActionMask = 2147483647;
			files = (
				3BD7B0351CF7046F00D1080C /* 野猪.png in Resources */,
				3BB08EFF1CFC44670070FF94 /* 鱼人.png in Resources */,
				3BB08EFE1CFC44670070FF94 /* 雏龙.png in Resources */,
				3BB08F111CFC46360070FF94 /* 蜘蛛坦克.png in Resources */,
				3BD7B0881CF7F8E400D1080C /* qq.png in Resources */,
				3B3AE8AE1CEB2D39007D0068 /* LaunchScreen.storyboard in Resources */,
				3BB08F071CFC44FF0070FF94 /* 冰风雪人.png in Resources */,
				3BB08F0C1CFC456F0070FF94 /* 石拳食人魔.png in Resources */,
				3B3AE8AB1CEB2D39007D0068 /* Assets.xcassets in Resources */,
				3BD7B0331CF7046F00D1080C /* 松鼠.png in Resources */,
				3BD7B0441CF70A4300D1080C /* MinionList.plist in Resources */,
				3BD7B0341CF7046F00D1080C /* 血沼迅猛龙.png in Resources */,
			);
			runOnlyForDeploymentPostprocessing = 0;
		};
/* End PBXResourcesBuildPhase section */

/* Begin PBXShellScriptBuildPhase section */
		6A07F8293065B7F478357EE5 /* Copy Pods Resources */ = {
			isa = PBXShellScriptBuildPhase;
			buildActionMask = 2147483647;
			files = (
			);
			inputPaths = (
			);
			name = "Copy Pods Resources";
			outputPaths = (
			);
			runOnlyForDeploymentPostprocessing = 0;
			shellPath = /bin/sh;
			shellScript = "\"${SRCROOT}/Pods/Target Support Files/Pods/Pods-resources.sh\"\n";
			showEnvVarsInLog = 0;
		};
		D40CEC7E115AD122E824FEBE /* Check Pods Manifest.lock */ = {
			isa = PBXShellScriptBuildPhase;
			buildActionMask = 2147483647;
			files = (
			);
			inputPaths = (
			);
			name = "Check Pods Manifest.lock";
			outputPaths = (
			);
			runOnlyForDeploymentPostprocessing = 0;
			shellPath = /bin/sh;
			shellScript = "diff \"${PODS_ROOT}/../Podfile.lock\" \"${PODS_ROOT}/Manifest.lock\" > /dev/null\nif [[ $? != 0 ]] ; then\n    cat << EOM\nerror: The sandbox is not in sync with the Podfile.lock. Run 'pod install' or update your CocoaPods installation.\nEOM\n    exit 1\nfi\n";
			showEnvVarsInLog = 0;
		};
		E84AAD09C1269E91E226BC8C /* Embed Pods Frameworks */ = {
			isa = PBXShellScriptBuildPhase;
			buildActionMask = 2147483647;
			files = (
			);
			inputPaths = (
			);
			name = "Embed Pods Frameworks";
			outputPaths = (
			);
			runOnlyForDeploymentPostprocessing = 0;
			shellPath = /bin/sh;
			shellScript = "\"${SRCROOT}/Pods/Target Support Files/Pods/Pods-frameworks.sh\"\n";
			showEnvVarsInLog = 0;
		};
/* End PBXShellScriptBuildPhase section */

/* Begin PBXSourcesBuildPhase section */
		3B3AE8971CEB2D39007D0068 /* Sources */ = {
			isa = PBXSourcesBuildPhase;
			buildActionMask = 2147483647;
			files = (
				3BD7AFE71CF4434900D1080C /* SWHero.m in Sources */,
				3BD7B02C1CF703B900D1080C /* SWMinion.m in Sources */,
				3BD7B0091CF6A36200D1080C /* SWWarrior.m in Sources */,
				3BD7B07B1CF7F42E00D1080C /* SWPlayer.m in Sources */,
				3BB08F051CFC44930070FF94 /* SWYuRen.m in Sources */,
				3BD7B03E1CF7095100D1080C /* SWYeZhu.m in Sources */,
				3B3AE8B71CEB2E5A007D0068 /* SWMainViewController.m in Sources */,
				3BD7B0101CF6EF4200D1080C /* SWSelectHeroView.m in Sources */,
				3BD7B0731CF7E85D00D1080C /* SWDeckCard.m in Sources */,
				3BB08F141CFC464D0070FF94 /* SWZhiZhuTanKe.m in Sources */,
				3BB08FBE1CFEB2520070FF94 /* SWManaView.m in Sources */,
				3BB08F601CFD3BEE0070FF94 /* SWHandCardCell.m in Sources */,
				3BD7B02B1CF703B900D1080C /* SWEquip.m in Sources */,
				3BD7B0771CF7F31E00D1080C /* SWBattleViewController.m in Sources */,
				3BB08F0F1CFC45970070FF94 /* SWShiQuanShiRenMo.m in Sources */,
				3BB08F021CFC44890070FF94 /* SWChuLong.m in Sources */,
				3BD7B0411CF7095700D1080C /* SWSongShu.m in Sources */,
				3BB08F5D1CFD2B8C0070FF94 /* SWDeckSelectViewController.m in Sources */,
				3BB08FCA1CFEE8610070FF94 /* SWDrawLineView.m in Sources */,
				3BD7B00F1CF6EF4200D1080C /* SWCollectionViewController.m in Sources */,
				3BD7B0181CF7025800D1080C /* SWCard.m in Sources */,
				3BB08FC11CFEC1830070FF94 /* SWTurnManager.m in Sources */,
				3BD7B0861CF7F68200D1080C /* SWCurrentPlayer.m in Sources */,
				3B3AE8A31CEB2D39007D0068 /* AppDelegate.m in Sources */,
				3BD7B0151CF6EF7100D1080C /* SWDeck.m in Sources */,
				3B3AE8A01CEB2D39007D0068 /* main.m in Sources */,
				3BD7B02D1CF703B900D1080C /* SWSpell.m in Sources */,
				3BB08EFB1CFC43550070FF94 /* SWXueZhaoXunMengLong.m in Sources */,
				3BD7AFEA1CF4435F00D1080C /* SWMage.m in Sources */,
				3BB08F0A1CFC452E0070FF94 /* SWBingFengXueRen.m in Sources */,
				3BD7B07E1CF7F4E800D1080C /* SWEasyAI.m in Sources */,
			);
			runOnlyForDeploymentPostprocessing = 0;
		};
/* End PBXSourcesBuildPhase section */

/* Begin PBXVariantGroup section */
		3B3AE8AC1CEB2D39007D0068 /* LaunchScreen.storyboard */ = {
			isa = PBXVariantGroup;
			children = (
				3B3AE8AD1CEB2D39007D0068 /* Base */,
			);
			name = LaunchScreen.storyboard;
			sourceTree = "<group>";
		};
/* End PBXVariantGroup section */

/* Begin XCBuildConfiguration section */
		3B3AE8B01CEB2D39007D0068 /* Debug */ = {
			isa = XCBuildConfiguration;
			buildSettings = {
				ALWAYS_SEARCH_USER_PATHS = NO;
				CLANG_ANALYZER_NONNULL = YES;
				CLANG_CXX_LANGUAGE_STANDARD = "gnu++0x";
				CLANG_CXX_LIBRARY = "libc++";
				CLANG_ENABLE_MODULES = YES;
				CLANG_ENABLE_OBJC_ARC = YES;
				CLANG_WARN_BOOL_CONVERSION = YES;
				CLANG_WARN_CONSTANT_CONVERSION = YES;
				CLANG_WARN_DIRECT_OBJC_ISA_USAGE = YES_ERROR;
				CLANG_WARN_EMPTY_BODY = YES;
				CLANG_WARN_ENUM_CONVERSION = YES;
				CLANG_WARN_INT_CONVERSION = YES;
				CLANG_WARN_OBJC_ROOT_CLASS = YES_ERROR;
				CLANG_WARN_UNREACHABLE_CODE = YES;
				CLANG_WARN__DUPLICATE_METHOD_MATCH = YES;
				"CODE_SIGN_IDENTITY[sdk=iphoneos*]" = "iPhone Developer";
				COPY_PHASE_STRIP = NO;
				DEBUG_INFORMATION_FORMAT = dwarf;
				ENABLE_STRICT_OBJC_MSGSEND = YES;
				ENABLE_TESTABILITY = YES;
				GCC_C_LANGUAGE_STANDARD = gnu99;
				GCC_DYNAMIC_NO_PIC = NO;
				GCC_NO_COMMON_BLOCKS = YES;
				GCC_OPTIMIZATION_LEVEL = 0;
				GCC_PREPROCESSOR_DEFINITIONS = (
					"DEBUG=1",
					"$(inherited)",
				);
				GCC_WARN_64_TO_32_BIT_CONVERSION = YES;
				GCC_WARN_ABOUT_RETURN_TYPE = YES_ERROR;
				GCC_WARN_UNDECLARED_SELECTOR = YES;
				GCC_WARN_UNINITIALIZED_AUTOS = YES_AGGRESSIVE;
				GCC_WARN_UNUSED_FUNCTION = YES;
				GCC_WARN_UNUSED_VARIABLE = YES;
				IPHONEOS_DEPLOYMENT_TARGET = 9.3;
				MTL_ENABLE_DEBUG_INFO = YES;
				ONLY_ACTIVE_ARCH = YES;
				SDKROOT = iphoneos;
			};
			name = Debug;
		};
		3B3AE8B11CEB2D39007D0068 /* Release */ = {
			isa = XCBuildConfiguration;
			buildSettings = {
				ALWAYS_SEARCH_USER_PATHS = NO;
				CLANG_ANALYZER_NONNULL = YES;
				CLANG_CXX_LANGUAGE_STANDARD = "gnu++0x";
				CLANG_CXX_LIBRARY = "libc++";
				CLANG_ENABLE_MODULES = YES;
				CLANG_ENABLE_OBJC_ARC = YES;
				CLANG_WARN_BOOL_CONVERSION = YES;
				CLANG_WARN_CONSTANT_CONVERSION = YES;
				CLANG_WARN_DIRECT_OBJC_ISA_USAGE = YES_ERROR;
				CLANG_WARN_EMPTY_BODY = YES;
				CLANG_WARN_ENUM_CONVERSION = YES;
				CLANG_WARN_INT_CONVERSION = YES;
				CLANG_WARN_OBJC_ROOT_CLASS = YES_ERROR;
				CLANG_WARN_UNREACHABLE_CODE = YES;
				CLANG_WARN__DUPLICATE_METHOD_MATCH = YES;
				"CODE_SIGN_IDENTITY[sdk=iphoneos*]" = "iPhone Developer";
				COPY_PHASE_STRIP = NO;
				DEBUG_INFORMATION_FORMAT = "dwarf-with-dsym";
				ENABLE_NS_ASSERTIONS = NO;
				ENABLE_STRICT_OBJC_MSGSEND = YES;
				GCC_C_LANGUAGE_STANDARD = gnu99;
				GCC_NO_COMMON_BLOCKS = YES;
				GCC_WARN_64_TO_32_BIT_CONVERSION = YES;
				GCC_WARN_ABOUT_RETURN_TYPE = YES_ERROR;
				GCC_WARN_UNDECLARED_SELECTOR = YES;
				GCC_WARN_UNINITIALIZED_AUTOS = YES_AGGRESSIVE;
				GCC_WARN_UNUSED_FUNCTION = YES;
				GCC_WARN_UNUSED_VARIABLE = YES;
				IPHONEOS_DEPLOYMENT_TARGET = 9.3;
				MTL_ENABLE_DEBUG_INFO = NO;
				SDKROOT = iphoneos;
				VALIDATE_PRODUCT = YES;
			};
			name = Release;
		};
		3B3AE8B31CEB2D39007D0068 /* Debug */ = {
			isa = XCBuildConfiguration;
			baseConfigurationReference = FBD445B1E31399629722E25B /* Pods.debug.xcconfig */;
			buildSettings = {
				ASSETCATALOG_COMPILER_APPICON_NAME = AppIcon;
				INFOPLIST_FILE = SWCards/Info.plist;
				IPHONEOS_DEPLOYMENT_TARGET = 9.3;
				LD_RUNPATH_SEARCH_PATHS = "$(inherited) @executable_path/Frameworks";
				PRODUCT_BUNDLE_IDENTIFIER = cn.SaberGame.SWCards;
				PRODUCT_NAME = "$(TARGET_NAME)";
			};
			name = Debug;
		};
		3B3AE8B41CEB2D39007D0068 /* Release */ = {
			isa = XCBuildConfiguration;
			baseConfigurationReference = BB1955DC91C04802C7B1FA57 /* Pods.release.xcconfig */;
			buildSettings = {
				ASSETCATALOG_COMPILER_APPICON_NAME = AppIcon;
				INFOPLIST_FILE = SWCards/Info.plist;
				IPHONEOS_DEPLOYMENT_TARGET = 9.3;
				LD_RUNPATH_SEARCH_PATHS = "$(inherited) @executable_path/Frameworks";
				PRODUCT_BUNDLE_IDENTIFIER = cn.SaberGame.SWCards;
				PRODUCT_NAME = "$(TARGET_NAME)";
			};
			name = Release;
		};
/* End XCBuildConfiguration section */

/* Begin XCConfigurationList section */
		3B3AE8961CEB2D39007D0068 /* Build configuration list for PBXProject "SWCards" */ = {
			isa = XCConfigurationList;
			buildConfigurations = (
				3B3AE8B01CEB2D39007D0068 /* Debug */,
				3B3AE8B11CEB2D39007D0068 /* Release */,
			);
			defaultConfigurationIsVisible = 0;
			defaultConfigurationName = Release;
		};
		3B3AE8B21CEB2D39007D0068 /* Build configuration list for PBXNativeTarget "SWCards" */ = {
			isa = XCConfigurationList;
			buildConfigurations = (
				3B3AE8B31CEB2D39007D0068 /* Debug */,
				3B3AE8B41CEB2D39007D0068 /* Release */,
			);
			defaultConfigurationIsVisible = 0;
			defaultConfigurationName = Release;
		};
/* End XCConfigurationList section */
	};
	rootObject = 3B3AE8931CEB2D39007D0068 /* Project object */;
}
